
Microsoft Visual Studio Solution File, Format Version 12.00
# Visual Studio Version 17
VisualStudioVersion = 17.6.33829.357
MinimumVisualStudioVersion = 10.0.40219.1
Project("{FAE04EC0-301F-11D3-BF4B-00C04F79EFBC}") = "c_study_week2", "c_study_week2\c_study_week2.csproj", "{5D6307AD-F531-4952-A130-639813C9D4D9}"
EndProject
Project("{FAE04EC0-301F-11D3-BF4B-00C04F79EFBC}") = "c_study_week2_5-4", "c_study_week2_5-4\c_study_week2_5-4.csproj", "{6B555E40-C965-43BA-A890-12252E853D0E}"
EndProject
Project("{FAE04EC0-301F-11D3-BF4B-00C04F79EFBC}") = "c_study_week2_5-5", "c_study_week2_5-5\c_study_week2_5-5.csproj", "{5AF00FEA-5A1F-4767-B695-1177F35959D6}"
EndProject
Project("{FAE04EC0-301F-11D3-BF4B-00C04F79EFBC}") = "week2_assignment_guess_number_game", "week2_assignment_guess_number_game\week2_assignment_guess_number_game.csproj", "{70E19A84-D893-4304-9FDD-8BAA3E53624D}"
EndProject
Project("{FAE04EC0-301F-11D3-BF4B-00C04F79EFBC}") = "week2_assignment_tic_tac_toe", "week2_assignment_tic_tac_toe\week2_assignment_tic_tac_toe.csproj", "{B3598EE7-4AF6-4F7E-8FBB-0C3DDCFB84FF}"
EndProject
Global
	GlobalSection(SolutionConfigurationPlatforms) = preSolution
		Debug|Any CPU = Debug|Any CPU
		Release|Any CPU = Release|Any CPU
	EndGlobalSection
	GlobalSection(ProjectConfigurationPlatforms) = postSolution
		{5D6307AD-F531-4952-A130-639813C9D4D9}.Debug|Any CPU.ActiveCfg = Debug|Any CPU
		{5D6307AD-F531-4952-A130-639813C9D4D9}.Debug|Any CPU.Build.0 = Debug|Any CPU
		{5D6307AD-F531-4952-A130-639813C9D4D9}.Release|Any CPU.ActiveCfg = Release|Any CPU
		{5D6307AD-F531-4952-A130-639813C9D4D9}.Release|Any CPU.Build.0 = Release|Any CPU
		{6B555E40-C965-43BA-A890-12252E853D0E}.Debug|Any CPU.ActiveCfg = Debug|Any CPU
		{6B555E40-C965-43BA-A890-12252E853D0E}.Debug|Any CPU.Build.0 = Debug|Any CPU
		{6B555E40-C965-43BA-A890-12252E853D0E}.Release|Any CPU.ActiveCfg = Release|Any CPU
		{6B555E40-C965-43BA-A890-12252E853D0E}.Release|Any CPU.Build.0 = Release|Any CPU
		{5AF00FEA-5A1F-4767-B695-1177F35959D6}.Debug|Any CPU.ActiveCfg = Debug|Any CPU
		{5AF00FEA-5A1F-4767-B695-1177F35959D6}.Debug|Any CPU.Build.0 = Debug|Any CPU
		{5AF00FEA-5A1F-4767-B695-1177F35959D6}.Release|Any CPU.ActiveCfg = Release|Any CPU
		{5AF00FEA-5A1F-4767-B695-1177F35959D6}.Release|Any CPU.Build.0 = Release|Any CPU
		{70E19A84-D893-4304-9FDD-8BAA3E53624D}.Debug|Any CPU.ActiveCfg = Debug|Any CPU
		{70E19A84-D893-4304-9FDD-8BAA3E53624D}.Debug|Any CPU.Build.0 = Debug|Any CPU
		{70E19A84-D893-4304-9FDD-8BAA3E53624D}.Release|Any CPU.ActiveCfg = Release|Any CPU
		{70E19A84-D893-4304-9FDD-8BAA3E53624D}.Release|Any CPU.Build.0 = Release|Any CPU
		{B3598EE7-4AF6-4F7E-8FBB-0C3DDCFB84FF}.Debug|Any CPU.ActiveCfg = Debug|Any CPU
		{B3598EE7-4AF6-4F7E-8FBB-0C3DDCFB84FF}.Debug|Any CPU.Build.0 = Debug|Any CPU
		{B3598EE7-4AF6-4F7E-8FBB-0C3DDCFB84FF}.Release|Any CPU.ActiveCfg = Release|Any CPU
		{B3598EE7-4AF6-4F7E-8FBB-0C3DDCFB84FF}.Release|Any CPU.Build.0 = Release|Any CPU
	EndGlobalSection
	GlobalSection(SolutionProperties) = preSolution
		HideSolutionNode = FALSE
	EndGlobalSection
	GlobalSection(ExtensibilityGlobals) = postSolution
		SolutionGuid = {629ED25F-9379-4068-B8EE-95A4226A7103}
	EndGlobalSection
EndGlobal
